
Microsoft Visual Studio Solution File, Format Version 12.00
# Visual Studio 15
VisualStudioVersion = 15.0.28307.1022
MinimumVisualStudioVersion = 10.0.40219.1
Project("{9A19103F-16F7-4668-BE54-9A1E7A4F7556}") = "ImportHtmlTable", "ImportHtmlTable.csproj", "{9E7C9A6D-2EA1-4E70-A52A-206754127656}"
EndProject
Global
	GlobalSection(SolutionConfigurationPlatforms) = preSolution
		Debug|Any CPU = Debug|Any CPU
		Debug-Xml|Any CPU = Debug-Xml|Any CPU
		Release|Any CPU = Release|Any CPU
		Release-Xml|Any CPU = Release-Xml|Any CPU
	EndGlobalSection
	GlobalSection(ProjectConfigurationPlatforms) = postSolution
		{9E7C9A6D-2EA1-4E70-A52A-206754127656}.Debug|Any CPU.ActiveCfg = Debug|Any CPU
		{9E7C9A6D-2EA1-4E70-A52A-206754127656}.Debug|Any CPU.Build.0 = Debug|Any CPU
		{9E7C9A6D-2EA1-4E70-A52A-206754127656}.Debug-Xml|Any CPU.ActiveCfg = Debug|Any CPU
		{9E7C9A6D-2EA1-4E70-A52A-206754127656}.Debug-Xml|Any CPU.Build.0 = Debug|Any CPU
		{9E7C9A6D-2EA1-4E70-A52A-206754127656}.Release|Any CPU.ActiveCfg = Release|Any CPU
		{9E7C9A6D-2EA1-4E70-A52A-206754127656}.Release|Any CPU.Build.0 = Release|Any CPU
		{9E7C9A6D-2EA1-4E70-A52A-206754127656}.Release-Xml|Any CPU.ActiveCfg = Release|Any CPU
		{9E7C9A6D-2EA1-4E70-A52A-206754127656}.Release-Xml|Any CPU.Build.0 = Release|Any CPU
	EndGlobalSection
	GlobalSection(SolutionProperties) = preSolution
		HideSolutionNode = FALSE
	EndGlobalSection
	GlobalSection(ExtensibilityGlobals) = postSolution
		SolutionGuid = {B12E0E54-B7A0-4A08-80EC-659D04F95923}
	EndGlobalSection
EndGlobal
